
Microsoft Visual Studio Solution File, Format Version 12.00
# Visual Studio 14
VisualStudioVersion = 14.0.23107.0
MinimumVisualStudioVersion = 10.0.40219.1
Project("{FAE04EC0-301F-11D3-BF4B-00C04F79EFBC}") = "WebApplication1", "WebApplication1\WebApplication1.csproj", "{98808079-5C32-4592-8271-BFA59748F1D5}"
EndProject
Project("{FAE04EC0-301F-11D3-BF4B-00C04F79EFBC}") = "WebApplication2", "WebApplication2\WebApplication2.csproj", "{3DBFBA4A-8291-412C-B5C9-468ECCFAC97F}"
EndProject
Project("{FAE04EC0-301F-11D3-BF4B-00C04F79EFBC}") = "ClassLibrary1", "ClassLibrary1\ClassLibrary1.csproj", "{E1AB3C69-2809-471A-94ED-D338458E0091}"
EndProject
Global
	GlobalSection(SolutionConfigurationPlatforms) = preSolution
		Debug|Any CPU = Debug|Any CPU
		Release|Any CPU = Release|Any CPU
	EndGlobalSection
	GlobalSection(ProjectConfigurationPlatforms) = postSolution
		{98808079-5C32-4592-8271-BFA59748F1D5}.Debug|Any CPU.ActiveCfg = Debug|Any CPU
		{98808079-5C32-4592-8271-BFA59748F1D5}.Debug|Any CPU.Build.0 = Debug|Any CPU
		{98808079-5C32-4592-8271-BFA59748F1D5}.Release|Any CPU.ActiveCfg = Release|Any CPU
		{98808079-5C32-4592-8271-BFA59748F1D5}.Release|Any CPU.Build.0 = Release|Any CPU
		{3DBFBA4A-8291-412C-B5C9-468ECCFAC97F}.Debug|Any CPU.ActiveCfg = Debug|Any CPU
		{3DBFBA4A-8291-412C-B5C9-468ECCFAC97F}.Debug|Any CPU.Build.0 = Debug|Any CPU
		{3DBFBA4A-8291-412C-B5C9-468ECCFAC97F}.Release|Any CPU.ActiveCfg = Release|Any CPU
		{3DBFBA4A-8291-412C-B5C9-468ECCFAC97F}.Release|Any CPU.Build.0 = Release|Any CPU
		{E1AB3C69-2809-471A-94ED-D338458E0091}.Debug|Any CPU.ActiveCfg = Debug|Any CPU
		{E1AB3C69-2809-471A-94ED-D338458E0091}.Debug|Any CPU.Build.0 = Debug|Any CPU
		{E1AB3C69-2809-471A-94ED-D338458E0091}.Release|Any CPU.ActiveCfg = Release|Any CPU
		{E1AB3C69-2809-471A-94ED-D338458E0091}.Release|Any CPU.Build.0 = Release|Any CPU
	EndGlobalSection
	GlobalSection(SolutionProperties) = preSolution
		HideSolutionNode = FALSE
	EndGlobalSection
EndGlobal
